
Microsoft Visual Studio Solution File, Format Version 12.00
# Visual Studio Version 17
VisualStudioVersion = 17.0.32014.148
MinimumVisualStudioVersion = 10.0.40219.1
Project("{FAE04EC0-301F-11D3-BF4B-00C04F79EFBC}") = "image", "image\image.csproj", "{98B0509D-7DD0-42FF-80AF-0EA0DDCA85AA}"
EndProject
Global
	GlobalSection(SolutionConfigurationPlatforms) = preSolution
		Debug|Any CPU = Debug|Any CPU
		Release|Any CPU = Release|Any CPU
	EndGlobalSection
	GlobalSection(ProjectConfigurationPlatforms) = postSolution
		{98B0509D-7DD0-42FF-80AF-0EA0DDCA85AA}.Debug|Any CPU.ActiveCfg = Debug|Any CPU
		{98B0509D-7DD0-42FF-80AF-0EA0DDCA85AA}.Debug|Any CPU.Build.0 = Debug|Any CPU
		{98B0509D-7DD0-42FF-80AF-0EA0DDCA85AA}.Release|Any CPU.ActiveCfg = Release|Any CPU
		{98B0509D-7DD0-42FF-80AF-0EA0DDCA85AA}.Release|Any CPU.Build.0 = Release|Any CPU
	EndGlobalSection
	GlobalSection(SolutionProperties) = preSolution
		HideSolutionNode = FALSE
	EndGlobalSection
	GlobalSection(ExtensibilityGlobals) = postSolution
		SolutionGuid = {34533A1B-424D-4BF3-B6CB-5603C219F1DA}
	EndGlobalSection
EndGlobal
